
Microsoft Visual Studio Solution File, Format Version 12.00
# Visual Studio Version 16
VisualStudioVersion = 16.0.29123.88
MinimumVisualStudioVersion = 10.0.40219.1
Project("{FAE04EC0-301F-11D3-BF4B-00C04F79EFBC}") = "WallpaperScheduler.Android", "WallpaperScheduler\WallpaperScheduler.Android\WallpaperScheduler.Android.csproj", "{13BF8116-76DD-43CE-93EA-6D13A19236FE}"
EndProject
Project("{FAE04EC0-301F-11D3-BF4B-00C04F79EFBC}") = "WallpaperScheduler.iOS", "WallpaperScheduler\WallpaperScheduler.iOS\WallpaperScheduler.iOS.csproj", "{5A10B5BF-E116-4CD3-9AB2-D091152DD704}"
EndProject
Project("{FAE04EC0-301F-11D3-BF4B-00C04F79EFBC}") = "WallpaperScheduler", "WallpaperScheduler\WallpaperScheduler\WallpaperScheduler.csproj", "{877266A1-B1DC-40FA-A5F9-B048197DDC38}"
EndProject
Global
	GlobalSection(SolutionConfigurationPlatforms) = preSolution
		Debug|Any CPU = Debug|Any CPU
		Debug|iPhone = Debug|iPhone
		Debug|iPhoneSimulator = Debug|iPhoneSimulator
		Release|Any CPU = Release|Any CPU
		Release|iPhone = Release|iPhone
		Release|iPhoneSimulator = Release|iPhoneSimulator
	EndGlobalSection
	GlobalSection(ProjectConfigurationPlatforms) = postSolution
		{13BF8116-76DD-43CE-93EA-6D13A19236FE}.Debug|Any CPU.ActiveCfg = Debug|Any CPU
		{13BF8116-76DD-43CE-93EA-6D13A19236FE}.Debug|Any CPU.Build.0 = Debug|Any CPU
		{13BF8116-76DD-43CE-93EA-6D13A19236FE}.Debug|Any CPU.Deploy.0 = Debug|Any CPU
		{13BF8116-76DD-43CE-93EA-6D13A19236FE}.Debug|iPhone.ActiveCfg = Debug|Any CPU
		{13BF8116-76DD-43CE-93EA-6D13A19236FE}.Debug|iPhone.Build.0 = Debug|Any CPU
		{13BF8116-76DD-43CE-93EA-6D13A19236FE}.Debug|iPhone.Deploy.0 = Debug|Any CPU
		{13BF8116-76DD-43CE-93EA-6D13A19236FE}.Debug|iPhoneSimulator.ActiveCfg = Debug|Any CPU
		{13BF8116-76DD-43CE-93EA-6D13A19236FE}.Debug|iPhoneSimulator.Build.0 = Debug|Any CPU
		{13BF8116-76DD-43CE-93EA-6D13A19236FE}.Debug|iPhoneSimulator.Deploy.0 = Debug|Any CPU
		{13BF8116-76DD-43CE-93EA-6D13A19236FE}.Release|Any CPU.ActiveCfg = Release|Any CPU
		{13BF8116-76DD-43CE-93EA-6D13A19236FE}.Release|Any CPU.Build.0 = Release|Any CPU
		{13BF8116-76DD-43CE-93EA-6D13A19236FE}.Release|Any CPU.Deploy.0 = Release|Any CPU
		{13BF8116-76DD-43CE-93EA-6D13A19236FE}.Release|iPhone.ActiveCfg = Release|Any CPU
		{13BF8116-76DD-43CE-93EA-6D13A19236FE}.Release|iPhone.Build.0 = Release|Any CPU
		{13BF8116-76DD-43CE-93EA-6D13A19236FE}.Release|iPhone.Deploy.0 = Release|Any CPU
		{13BF8116-76DD-43CE-93EA-6D13A19236FE}.Release|iPhoneSimulator.ActiveCfg = Release|Any CPU
		{13BF8116-76DD-43CE-93EA-6D13A19236FE}.Release|iPhoneSimulator.Build.0 = Release|Any CPU
		{13BF8116-76DD-43CE-93EA-6D13A19236FE}.Release|iPhoneSimulator.Deploy.0 = Release|Any CPU
		{5A10B5BF-E116-4CD3-9AB2-D091152DD704}.Debug|Any CPU.ActiveCfg = Debug|iPhoneSimulator
		{5A10B5BF-E116-4CD3-9AB2-D091152DD704}.Debug|Any CPU.Build.0 = Debug|iPhoneSimulator
		{5A10B5BF-E116-4CD3-9AB2-D091152DD704}.Debug|Any CPU.Deploy.0 = Debug|iPhoneSimulator
		{5A10B5BF-E116-4CD3-9AB2-D091152DD704}.Debug|iPhone.ActiveCfg = Debug|iPhone
		{5A10B5BF-E116-4CD3-9AB2-D091152DD704}.Debug|iPhone.Build.0 = Debug|iPhone
		{5A10B5BF-E116-4CD3-9AB2-D091152DD704}.Debug|iPhone.Deploy.0 = Debug|iPhone
		{5A10B5BF-E116-4CD3-9AB2-D091152DD704}.Debug|iPhoneSimulator.ActiveCfg = Debug|iPhoneSimulator
		{5A10B5BF-E116-4CD3-9AB2-D091152DD704}.Debug|iPhoneSimulator.Build.0 = Debug|iPhoneSimulator
		{5A10B5BF-E116-4CD3-9AB2-D091152DD704}.Debug|iPhoneSimulator.Deploy.0 = Debug|iPhoneSimulator
		{5A10B5BF-E116-4CD3-9AB2-D091152DD704}.Release|Any CPU.ActiveCfg = Release|iPhone
		{5A10B5BF-E116-4CD3-9AB2-D091152DD704}.Release|Any CPU.Build.0 = Release|iPhone
		{5A10B5BF-E116-4CD3-9AB2-D091152DD704}.Release|Any CPU.Deploy.0 = Release|iPhone
		{5A10B5BF-E116-4CD3-9AB2-D091152DD704}.Release|iPhone.ActiveCfg = Release|iPhone
		{5A10B5BF-E116-4CD3-9AB2-D091152DD704}.Release|iPhone.Build.0 = Release|iPhone
		{5A10B5BF-E116-4CD3-9AB2-D091152DD704}.Release|iPhone.Deploy.0 = Release|iPhone
		{5A10B5BF-E116-4CD3-9AB2-D091152DD704}.Release|iPhoneSimulator.ActiveCfg = Release|iPhoneSimulator
		{5A10B5BF-E116-4CD3-9AB2-D091152DD704}.Release|iPhoneSimulator.Build.0 = Release|iPhoneSimulator
		{5A10B5BF-E116-4CD3-9AB2-D091152DD704}.Release|iPhoneSimulator.Deploy.0 = Release|iPhoneSimulator
		{877266A1-B1DC-40FA-A5F9-B048197DDC38}.Debug|Any CPU.ActiveCfg = Debug|Any CPU
		{877266A1-B1DC-40FA-A5F9-B048197DDC38}.Debug|Any CPU.Build.0 = Debug|Any CPU
		{877266A1-B1DC-40FA-A5F9-B048197DDC38}.Debug|Any CPU.Deploy.0 = Debug|Any CPU
		{877266A1-B1DC-40FA-A5F9-B048197DDC38}.Debug|iPhone.ActiveCfg = Debug|Any CPU
		{877266A1-B1DC-40FA-A5F9-B048197DDC38}.Debug|iPhone.Build.0 = Debug|Any CPU
		{877266A1-B1DC-40FA-A5F9-B048197DDC38}.Debug|iPhone.Deploy.0 = Debug|Any CPU
		{877266A1-B1DC-40FA-A5F9-B048197DDC38}.Debug|iPhoneSimulator.ActiveCfg = Debug|Any CPU
		{877266A1-B1DC-40FA-A5F9-B048197DDC38}.Debug|iPhoneSimulator.Build.0 = Debug|Any CPU
		{877266A1-B1DC-40FA-A5F9-B048197DDC38}.Debug|iPhoneSimulator.Deploy.0 = Debug|Any CPU
		{877266A1-B1DC-40FA-A5F9-B048197DDC38}.Release|Any CPU.ActiveCfg = Release|Any CPU
		{877266A1-B1DC-40FA-A5F9-B048197DDC38}.Release|Any CPU.Build.0 = Release|Any CPU
		{877266A1-B1DC-40FA-A5F9-B048197DDC38}.Release|Any CPU.Deploy.0 = Release|Any CPU
		{877266A1-B1DC-40FA-A5F9-B048197DDC38}.Release|iPhone.ActiveCfg = Release|Any CPU
		{877266A1-B1DC-40FA-A5F9-B048197DDC38}.Release|iPhone.Build.0 = Release|Any CPU
		{877266A1-B1DC-40FA-A5F9-B048197DDC38}.Release|iPhone.Deploy.0 = Release|Any CPU
		{877266A1-B1DC-40FA-A5F9-B048197DDC38}.Release|iPhoneSimulator.ActiveCfg = Release|Any CPU
		{877266A1-B1DC-40FA-A5F9-B048197DDC38}.Release|iPhoneSimulator.Build.0 = Release|Any CPU
		{877266A1-B1DC-40FA-A5F9-B048197DDC38}.Release|iPhoneSimulator.Deploy.0 = Release|Any CPU
	EndGlobalSection
	GlobalSection(SolutionProperties) = preSolution
		HideSolutionNode = FALSE
	EndGlobalSection
	GlobalSection(ExtensibilityGlobals) = postSolution
		SolutionGuid = {42E51D03-08B1-4518-A651-A2CC7A440610}
	EndGlobalSection
EndGlobal
